
Microsoft Visual Studio Solution File, Format Version 12.00
# Visual Studio 2013
VisualStudioVersion = 12.0.21005.1
MinimumVisualStudioVersion = 10.0.40219.1
Project("{FAE04EC0-301F-11D3-BF4B-00C04F79EFBC}") = "BT2_Server", "BT2_Server\BT2_Server.csproj", "{1A1861BE-63A0-4D29-BFE8-B329BA6F3631}"
EndProject
Project("{FAE04EC0-301F-11D3-BF4B-00C04F79EFBC}") = "BT2_Client", "BT2_Client\BT2_Client.csproj", "{BAF707AA-C155-471F-B8C2-1B61F5DBA37C}"
EndProject
Global
	GlobalSection(SolutionConfigurationPlatforms) = preSolution
		Debug|Any CPU = Debug|Any CPU
		Release|Any CPU = Release|Any CPU
	EndGlobalSection
	GlobalSection(ProjectConfigurationPlatforms) = postSolution
		{1A1861BE-63A0-4D29-BFE8-B329BA6F3631}.Debug|Any CPU.ActiveCfg = Debug|Any CPU
		{1A1861BE-63A0-4D29-BFE8-B329BA6F3631}.Debug|Any CPU.Build.0 = Debug|Any CPU
		{1A1861BE-63A0-4D29-BFE8-B329BA6F3631}.Release|Any CPU.ActiveCfg = Release|Any CPU
		{1A1861BE-63A0-4D29-BFE8-B329BA6F3631}.Release|Any CPU.Build.0 = Release|Any CPU
		{BAF707AA-C155-471F-B8C2-1B61F5DBA37C}.Debug|Any CPU.ActiveCfg = Debug|Any CPU
		{BAF707AA-C155-471F-B8C2-1B61F5DBA37C}.Debug|Any CPU.Build.0 = Debug|Any CPU
		{BAF707AA-C155-471F-B8C2-1B61F5DBA37C}.Release|Any CPU.ActiveCfg = Release|Any CPU
		{BAF707AA-C155-471F-B8C2-1B61F5DBA37C}.Release|Any CPU.Build.0 = Release|Any CPU
	EndGlobalSection
	GlobalSection(SolutionProperties) = preSolution
		HideSolutionNode = FALSE
	EndGlobalSection
EndGlobal
